// !$*UTF8*$!
{
	archiveVersion = 1;
	classes = {
	};
	objectVersion = 56;
	objects = {

/* Begin PBXBuildFile section */
		100000000000000000000020 /* CodexMonitorWidget.swift in Sources */ = {isa = PBXBuildFile; fileRef = 100000000000000000000010 /* CodexMonitorWidget.swift */; };
		100000000000000000000021 /* WidgetDisplayState.swift in Sources */ = {isa = PBXBuildFile; fileRef = 100000000000000000000011 /* WidgetDisplayState.swift */; };
		100000000000000000000022 /* QuotaSnapshot.swift in Sources */ = {isa = PBXBuildFile; fileRef = 100000000000000000000012 /* QuotaSnapshot.swift */; };
		100000000000000000000023 /* QuotaDataSource.swift in Sources */ = {isa = PBXBuildFile; fileRef = 100000000000000000000013 /* QuotaDataSource.swift */; };
		100000000000000000000024 /* QuotaRefreshStatus.swift in Sources */ = {isa = PBXBuildFile; fileRef = 100000000000000000000014 /* QuotaRefreshStatus.swift */; };
		100000000000000000000025 /* RealQuotaHealthDiagnostic.swift in Sources */ = {isa = PBXBuildFile; fileRef = 100000000000000000000015 /* RealQuotaHealthDiagnostic.swift */; };
		100000000000000000000026 /* StatusPopoverFormatting.swift in Sources */ = {isa = PBXBuildFile; fileRef = 100000000000000000000016 /* StatusPopoverFormatting.swift */; };
		100000000000000000000027 /* MechanicalEnergyCore.swift in Sources */ = {isa = PBXBuildFile; fileRef = 100000000000000000000019 /* MechanicalEnergyCore.swift */; };
/* End PBXBuildFile section */

/* Begin PBXFileReference section */
		100000000000000000000001 /* CodexMonitorWidgetExtension.appex */ = {isa = PBXFileReference; explicitFileType = "wrapper.app-extension"; includeInIndex = 0; path = CodexMonitorWidgetExtension.appex; sourceTree = BUILT_PRODUCTS_DIR; };
		100000000000000000000010 /* CodexMonitorWidget.swift */ = {isa = PBXFileReference; lastKnownFileType = sourcecode.swift; path = Sources/CodexMonitorWidgetExtension/CodexMonitorWidget.swift; sourceTree = "<group>"; };
		100000000000000000000011 /* WidgetDisplayState.swift */ = {isa = PBXFileReference; lastKnownFileType = sourcecode.swift; path = Sources/CodexMonitorNative/Shared/WidgetDisplayState.swift; sourceTree = "<group>"; };
		100000000000000000000012 /* QuotaSnapshot.swift */ = {isa = PBXFileReference; lastKnownFileType = sourcecode.swift; path = Sources/CodexMonitorNative/Core/QuotaSnapshot.swift; sourceTree = "<group>"; };
		100000000000000000000013 /* QuotaDataSource.swift */ = {isa = PBXFileReference; lastKnownFileType = sourcecode.swift; path = Sources/CodexMonitorNative/Shared/QuotaDataSource.swift; sourceTree = "<group>"; };
		100000000000000000000014 /* QuotaRefreshStatus.swift */ = {isa = PBXFileReference; lastKnownFileType = sourcecode.swift; path = Sources/CodexMonitorNative/Shared/QuotaRefreshStatus.swift; sourceTree = "<group>"; };
		100000000000000000000015 /* RealQuotaHealthDiagnostic.swift */ = {isa = PBXFileReference; lastKnownFileType = sourcecode.swift; path = Sources/CodexMonitorNative/Shared/RealQuotaHealthDiagnostic.swift; sourceTree = "<group>"; };
		100000000000000000000016 /* StatusPopoverFormatting.swift */ = {isa = PBXFileReference; lastKnownFileType = sourcecode.swift; path = Sources/CodexMonitorNative/UI/StatusPopoverFormatting.swift; sourceTree = "<group>"; };
		100000000000000000000017 /* Info.plist */ = {isa = PBXFileReference; lastKnownFileType = text.plist.xml; path = Sources/CodexMonitorWidgetExtension/Info.plist; sourceTree = "<group>"; };
		100000000000000000000018 /* CodexMonitorWidgetExtension.entitlements */ = {isa = PBXFileReference; lastKnownFileType = text.plist.entitlements; path = Assets/CodexMonitorWidgetExtension.entitlements; sourceTree = "<group>"; };
		100000000000000000000019 /* MechanicalEnergyCore.swift */ = {isa = PBXFileReference; lastKnownFileType = sourcecode.swift; path = Sources/CodexMonitorNative/UI/MechanicalEnergyCore.swift; sourceTree = "<group>"; };
/* End PBXFileReference section */

/* Begin PBXFrameworksBuildPhase section */
		100000000000000000000030 /* Frameworks */ = {
			isa = PBXFrameworksBuildPhase;
			buildActionMask = 2147483647;
			files = (
			);
			runOnlyForDeploymentPostprocessing = 0;
		};
/* End PBXFrameworksBuildPhase section */

/* Begin PBXGroup section */
		100000000000000000000040 = {
			isa = PBXGroup;
			children = (
				100000000000000000000010 /* CodexMonitorWidget.swift */,
				100000000000000000000011 /* WidgetDisplayState.swift */,
				100000000000000000000012 /* QuotaSnapshot.swift */,
				100000000000000000000013 /* QuotaDataSource.swift */,
				100000000000000000000014 /* QuotaRefreshStatus.swift */,
				100000000000000000000015 /* RealQuotaHealthDiagnostic.swift */,
				100000000000000000000016 /* StatusPopoverFormatting.swift */,
				100000000000000000000017 /* Info.plist */,
				100000000000000000000018 /* CodexMonitorWidgetExtension.entitlements */,
				100000000000000000000019 /* MechanicalEnergyCore.swift */,
				100000000000000000000041 /* Products */,
			);
			sourceTree = "<group>";
		};
		100000000000000000000041 /* Products */ = {
			isa = PBXGroup;
			children = (
				100000000000000000000001 /* CodexMonitorWidgetExtension.appex */,
			);
			name = Products;
			sourceTree = "<group>";
		};
/* End PBXGroup section */

/* Begin PBXNativeTarget section */
		100000000000000000000050 /* CodexMonitorWidgetExtension */ = {
			isa = PBXNativeTarget;
			buildConfigurationList = 100000000000000000000071 /* Build configuration list for PBXNativeTarget "CodexMonitorWidgetExtension" */;
			buildPhases = (
				100000000000000000000060 /* Sources */,
				100000000000000000000030 /* Frameworks */,
			);
			buildRules = (
			);
			dependencies = (
			);
			name = CodexMonitorWidgetExtension;
			productName = CodexMonitorWidgetExtension;
			productReference = 100000000000000000000001 /* CodexMonitorWidgetExtension.appex */;
			productType = "com.apple.product-type.app-extension";
		};
/* End PBXNativeTarget section */

/* Begin PBXProject section */
		100000000000000000000070 /* Project object */ = {
			isa = PBXProject;
			attributes = {
				BuildIndependentTargetsInParallel = 1;
				LastSwiftUpdateCheck = 1600;
				LastUpgradeCheck = 1600;
				TargetAttributes = {
					100000000000000000000050 = {
						CreatedOnToolsVersion = 16.0;
					};
				};
			};
			buildConfigurationList = 100000000000000000000072 /* Build configuration list for PBXProject "CodexMonitorWidgetExtension" */;
			compatibilityVersion = "Xcode 14.0";
			developmentRegion = en;
			hasScannedForEncodings = 0;
			knownRegions = (
				en,
				Base,
			);
			mainGroup = 100000000000000000000040;
			productRefGroup = 100000000000000000000041 /* Products */;
			projectDirPath = "";
			projectRoot = "";
			targets = (
				100000000000000000000050 /* CodexMonitorWidgetExtension */,
			);
		};
/* End PBXProject section */

/* Begin PBXSourcesBuildPhase section */
		100000000000000000000060 /* Sources */ = {
			isa = PBXSourcesBuildPhase;
			buildActionMask = 2147483647;
			files = (
				100000000000000000000020 /* CodexMonitorWidget.swift in Sources */,
				100000000000000000000021 /* WidgetDisplayState.swift in Sources */,
				100000000000000000000022 /* QuotaSnapshot.swift in Sources */,
				100000000000000000000023 /* QuotaDataSource.swift in Sources */,
				100000000000000000000024 /* QuotaRefreshStatus.swift in Sources */,
				100000000000000000000025 /* RealQuotaHealthDiagnostic.swift in Sources */,
				100000000000000000000026 /* StatusPopoverFormatting.swift in Sources */,
				100000000000000000000027 /* MechanicalEnergyCore.swift in Sources */,
			);
			runOnlyForDeploymentPostprocessing = 0;
		};
/* End PBXSourcesBuildPhase section */

/* Begin XCBuildConfiguration section */
		100000000000000000000080 /* Debug */ = {
			isa = XCBuildConfiguration;
			buildSettings = {
				ALWAYS_SEARCH_USER_PATHS = NO;
				CLANG_ENABLE_MODULES = YES;
				COPY_PHASE_STRIP = NO;
				DEBUG_INFORMATION_FORMAT = dwarf;
				ENABLE_STRICT_OBJC_MSGSEND = YES;
				GCC_C_LANGUAGE_STANDARD = gnu17;
				GCC_DYNAMIC_NO_PIC = NO;
				GCC_NO_COMMON_BLOCKS = YES;
				GCC_OPTIMIZATION_LEVEL = 0;
				MACOSX_DEPLOYMENT_TARGET = 14.0;
				SDKROOT = macosx;
				SWIFT_OPTIMIZATION_LEVEL = "-Onone";
			};
			name = Debug;
		};
		100000000000000000000081 /* Release */ = {
			isa = XCBuildConfiguration;
			buildSettings = {
				ALWAYS_SEARCH_USER_PATHS = NO;
				CLANG_ENABLE_MODULES = YES;
				COPY_PHASE_STRIP = YES;
				DEBUG_INFORMATION_FORMAT = "dwarf-with-dsym";
				ENABLE_STRICT_OBJC_MSGSEND = YES;
				GCC_C_LANGUAGE_STANDARD = gnu17;
				GCC_NO_COMMON_BLOCKS = YES;
				MACOSX_DEPLOYMENT_TARGET = 14.0;
				SDKROOT = macosx;
				SWIFT_COMPILATION_MODE = wholemodule;
				SWIFT_OPTIMIZATION_LEVEL = "-O";
			};
			name = Release;
		};
		100000000000000000000082 /* Debug */ = {
			isa = XCBuildConfiguration;
			buildSettings = {
				APPLICATION_EXTENSION_API_ONLY = YES;
				CODE_SIGN_ENTITLEMENTS = Assets/CodexMonitorWidgetExtension.entitlements;
				CODE_SIGN_STYLE = Manual;
				CURRENT_PROJECT_VERSION = 1;
				DEVELOPMENT_TEAM = JYL9G28DP3;
				GENERATE_INFOPLIST_FILE = NO;
				INFOPLIST_FILE = Sources/CodexMonitorWidgetExtension/Info.plist;
				LD_RUNPATH_SEARCH_PATHS = (
					"$(inherited)",
					"@executable_path/../Frameworks",
					"@executable_path/../../../../Frameworks",
				);
				MACOSX_DEPLOYMENT_TARGET = 14.0;
				MARKETING_VERSION = 0.1.0;
				PRODUCT_BUNDLE_IDENTIFIER = com.ryukeilee.CodexMonitorNativePrototype.widget;
				PRODUCT_NAME = CodexMonitorWidgetExtension;
				SDKROOT = macosx;
				SKIP_INSTALL = YES;
				SUPPORTED_PLATFORMS = macosx;
				SWIFT_VERSION = 6.0;
			};
			name = Debug;
		};
		100000000000000000000083 /* Release */ = {
			isa = XCBuildConfiguration;
			buildSettings = {
				APPLICATION_EXTENSION_API_ONLY = YES;
				CODE_SIGN_ENTITLEMENTS = Assets/CodexMonitorWidgetExtension.entitlements;
				CODE_SIGN_STYLE = Manual;
				CURRENT_PROJECT_VERSION = 1;
				DEVELOPMENT_TEAM = JYL9G28DP3;
				GENERATE_INFOPLIST_FILE = NO;
				INFOPLIST_FILE = Sources/CodexMonitorWidgetExtension/Info.plist;
				LD_RUNPATH_SEARCH_PATHS = (
					"$(inherited)",
					"@executable_path/../Frameworks",
					"@executable_path/../../../../Frameworks",
				);
				MACOSX_DEPLOYMENT_TARGET = 14.0;
				MARKETING_VERSION = 0.1.0;
				PRODUCT_BUNDLE_IDENTIFIER = com.ryukeilee.CodexMonitorNativePrototype.widget;
				PRODUCT_NAME = CodexMonitorWidgetExtension;
				SDKROOT = macosx;
				SKIP_INSTALL = YES;
				SUPPORTED_PLATFORMS = macosx;
				SWIFT_VERSION = 6.0;
			};
			name = Release;
		};
/* End XCBuildConfiguration section */

/* Begin XCConfigurationList section */
		100000000000000000000071 /* Build configuration list for PBXNativeTarget "CodexMonitorWidgetExtension" */ = {
			isa = XCConfigurationList;
			buildConfigurations = (
				100000000000000000000082 /* Debug */,
				100000000000000000000083 /* Release */,
			);
			defaultConfigurationIsVisible = 0;
			defaultConfigurationName = Release;
		};
		100000000000000000000072 /* Build configuration list for PBXProject "CodexMonitorWidgetExtension" */ = {
			isa = XCConfigurationList;
			buildConfigurations = (
				100000000000000000000080 /* Debug */,
				100000000000000000000081 /* Release */,
			);
			defaultConfigurationIsVisible = 0;
			defaultConfigurationName = Release;
		};
/* End XCConfigurationList section */
	};
	rootObject = 100000000000000000000070 /* Project object */;
}
